
Microsoft Visual Studio Solution File, Format Version 12.00
# Visual Studio Version 16
VisualStudioVersion = 16.0.30320.27
MinimumVisualStudioVersion = 10.0.40219.1
Project("{FAE04EC0-301F-11D3-BF4B-00C04F79EFBC}") = "Learning", "Learning\Learning.csproj", "{41C38136-FCBC-4E97-A9F9-711C83B9D7DF}"
EndProject
Global
	GlobalSection(SolutionConfigurationPlatforms) = preSolution
		Debug|Any CPU = Debug|Any CPU
		Release|Any CPU = Release|Any CPU
	EndGlobalSection
	GlobalSection(ProjectConfigurationPlatforms) = postSolution
		{41C38136-FCBC-4E97-A9F9-711C83B9D7DF}.Debug|Any CPU.ActiveCfg = Debug|Any CPU
		{41C38136-FCBC-4E97-A9F9-711C83B9D7DF}.Debug|Any CPU.Build.0 = Debug|Any CPU
		{41C38136-FCBC-4E97-A9F9-711C83B9D7DF}.Release|Any CPU.ActiveCfg = Release|Any CPU
		{41C38136-FCBC-4E97-A9F9-711C83B9D7DF}.Release|Any CPU.Build.0 = Release|Any CPU
	EndGlobalSection
	GlobalSection(SolutionProperties) = preSolution
		HideSolutionNode = FALSE
	EndGlobalSection
	GlobalSection(ExtensibilityGlobals) = postSolution
		SolutionGuid = {49524AC7-23AD-4538-814C-F6CEF8BED2DC}
	EndGlobalSection
EndGlobal
